
Microsoft Visual Studio Solution File, Format Version 11.00
# Visual Studio 2010
Project("{FAE04EC0-301F-11D3-BF4B-00C04F79EFBC}") = "LottoHighLow", "LottoHighLow\LottoHighLow.csproj", "{C12C7596-D505-4041-BC72-7FC65CDEEDFA}"
EndProject
Global
	GlobalSection(SolutionConfigurationPlatforms) = preSolution
		Debug|x86 = Debug|x86
		Release|x86 = Release|x86
	EndGlobalSection
	GlobalSection(ProjectConfigurationPlatforms) = postSolution
		{C12C7596-D505-4041-BC72-7FC65CDEEDFA}.Debug|x86.ActiveCfg = Debug|x86
		{C12C7596-D505-4041-BC72-7FC65CDEEDFA}.Debug|x86.Build.0 = Debug|x86
		{C12C7596-D505-4041-BC72-7FC65CDEEDFA}.Release|x86.ActiveCfg = Release|x86
		{C12C7596-D505-4041-BC72-7FC65CDEEDFA}.Release|x86.Build.0 = Release|x86
	EndGlobalSection
	GlobalSection(SolutionProperties) = preSolution
		HideSolutionNode = FALSE
	EndGlobalSection
EndGlobal
