
Microsoft Visual Studio Solution File, Format Version 11.00
# Visual Studio 2010
Project("{FAE04EC0-301F-11D3-BF4B-00C04F79EFBC}") = "Step8", "Step8\Step8.csproj", "{2633CFB0-ABA3-4A4A-AEA8-2BFDFDC3F93D}"
EndProject
Global
	GlobalSection(SolutionConfigurationPlatforms) = preSolution
		Debug|x86 = Debug|x86
		Release|x86 = Release|x86
	EndGlobalSection
	GlobalSection(ProjectConfigurationPlatforms) = postSolution
		{2633CFB0-ABA3-4A4A-AEA8-2BFDFDC3F93D}.Debug|x86.ActiveCfg = Debug|x86
		{2633CFB0-ABA3-4A4A-AEA8-2BFDFDC3F93D}.Debug|x86.Build.0 = Debug|x86
		{2633CFB0-ABA3-4A4A-AEA8-2BFDFDC3F93D}.Release|x86.ActiveCfg = Release|x86
		{2633CFB0-ABA3-4A4A-AEA8-2BFDFDC3F93D}.Release|x86.Build.0 = Release|x86
	EndGlobalSection
	GlobalSection(SolutionProperties) = preSolution
		HideSolutionNode = FALSE
	EndGlobalSection
EndGlobal
