
Microsoft Visual Studio Solution File, Format Version 11.00
# Visual Studio 2010
Project("{FAE04EC0-301F-11D3-BF4B-00C04F79EFBC}") = "Step16", "Step16\Step16.csproj", "{6CBD37F6-2E5E-4565-B1ED-AE4A7BE8FD2E}"
EndProject
Global
	GlobalSection(SolutionConfigurationPlatforms) = preSolution
		Debug|x86 = Debug|x86
		Release|x86 = Release|x86
	EndGlobalSection
	GlobalSection(ProjectConfigurationPlatforms) = postSolution
		{6CBD37F6-2E5E-4565-B1ED-AE4A7BE8FD2E}.Debug|x86.ActiveCfg = Debug|x86
		{6CBD37F6-2E5E-4565-B1ED-AE4A7BE8FD2E}.Debug|x86.Build.0 = Debug|x86
		{6CBD37F6-2E5E-4565-B1ED-AE4A7BE8FD2E}.Release|x86.ActiveCfg = Release|x86
		{6CBD37F6-2E5E-4565-B1ED-AE4A7BE8FD2E}.Release|x86.Build.0 = Release|x86
	EndGlobalSection
	GlobalSection(SolutionProperties) = preSolution
		HideSolutionNode = FALSE
	EndGlobalSection
EndGlobal
